
Microsoft Visual Studio Solution File, Format Version 12.00
# Visual Studio 15
VisualStudioVersion = 15.0.28010.2041
MinimumVisualStudioVersion = 10.0.40219.1
Project("{9A19103F-16F7-4668-BE54-9A1E7A4F7556}") = "Coffee", "Coffee\Coffee.csproj", "{A45B2E0E-0B23-4FE9-ADF5-702385206AB8}"
EndProject
Project("{E53339B2-1760-4266-BCC7-CA923CBCF16C}") = "docker-compose", "docker-compose.dcproj", "{AF351ADE-2F5D-4968-B0F3-717461A48541}"
EndProject
Global
	GlobalSection(SolutionConfigurationPlatforms) = preSolution
		Debug|Any CPU = Debug|Any CPU
		Release|Any CPU = Release|Any CPU
	EndGlobalSection
	GlobalSection(ProjectConfigurationPlatforms) = postSolution
		{A45B2E0E-0B23-4FE9-ADF5-702385206AB8}.Debug|Any CPU.ActiveCfg = Debug|Any CPU
		{A45B2E0E-0B23-4FE9-ADF5-702385206AB8}.Debug|Any CPU.Build.0 = Debug|Any CPU
		{A45B2E0E-0B23-4FE9-ADF5-702385206AB8}.Release|Any CPU.ActiveCfg = Release|Any CPU
		{A45B2E0E-0B23-4FE9-ADF5-702385206AB8}.Release|Any CPU.Build.0 = Release|Any CPU
		{AF351ADE-2F5D-4968-B0F3-717461A48541}.Debug|Any CPU.ActiveCfg = Debug|Any CPU
		{AF351ADE-2F5D-4968-B0F3-717461A48541}.Debug|Any CPU.Build.0 = Debug|Any CPU
		{AF351ADE-2F5D-4968-B0F3-717461A48541}.Release|Any CPU.ActiveCfg = Release|Any CPU
		{AF351ADE-2F5D-4968-B0F3-717461A48541}.Release|Any CPU.Build.0 = Release|Any CPU
	EndGlobalSection
	GlobalSection(SolutionProperties) = preSolution
		HideSolutionNode = FALSE
	EndGlobalSection
	GlobalSection(ExtensibilityGlobals) = postSolution
		SolutionGuid = {4BC0D2E2-1BEC-424F-BDE6-184AD24BB9F2}
	EndGlobalSection
EndGlobal
